
Microsoft Visual Studio Solution File, Format Version 12.00
# Visual Studio Version 16
VisualStudioVersion = 16.0.30717.126
MinimumVisualStudioVersion = 10.0.40219.1
Project("{FAE04EC0-301F-11D3-BF4B-00C04F79EFBC}") = "CsharpCoreRefactor", "CsharpCoreRefactor\CsharpCoreRefactor.csproj", "{5E1AB2D7-29BB-459E-8DD8-2BAFE7ACBC93}"
EndProject
Project("{FAE04EC0-301F-11D3-BF4B-00C04F79EFBC}") = "NUnitTestCsharpCoreRefactor", "NUnitTestCsharpCoreRefactor\NUnitTestCsharpCoreRefactor.csproj", "{48642CD3-C63B-45D6-9864-E7F5F2FD5D6F}"
EndProject
Global
	GlobalSection(SolutionConfigurationPlatforms) = preSolution
		Debug|Any CPU = Debug|Any CPU
		Release|Any CPU = Release|Any CPU
	EndGlobalSection
	GlobalSection(ProjectConfigurationPlatforms) = postSolution
		{5E1AB2D7-29BB-459E-8DD8-2BAFE7ACBC93}.Debug|Any CPU.ActiveCfg = Debug|Any CPU
		{5E1AB2D7-29BB-459E-8DD8-2BAFE7ACBC93}.Debug|Any CPU.Build.0 = Debug|Any CPU
		{5E1AB2D7-29BB-459E-8DD8-2BAFE7ACBC93}.Release|Any CPU.ActiveCfg = Release|Any CPU
		{5E1AB2D7-29BB-459E-8DD8-2BAFE7ACBC93}.Release|Any CPU.Build.0 = Release|Any CPU
		{48642CD3-C63B-45D6-9864-E7F5F2FD5D6F}.Debug|Any CPU.ActiveCfg = Debug|Any CPU
		{48642CD3-C63B-45D6-9864-E7F5F2FD5D6F}.Debug|Any CPU.Build.0 = Debug|Any CPU
		{48642CD3-C63B-45D6-9864-E7F5F2FD5D6F}.Release|Any CPU.ActiveCfg = Release|Any CPU
		{48642CD3-C63B-45D6-9864-E7F5F2FD5D6F}.Release|Any CPU.Build.0 = Release|Any CPU
	EndGlobalSection
	GlobalSection(SolutionProperties) = preSolution
		HideSolutionNode = FALSE
	EndGlobalSection
	GlobalSection(ExtensibilityGlobals) = postSolution
		SolutionGuid = {317A204C-4058-4B39-A2B3-987EF6A270D1}
	EndGlobalSection
EndGlobal
